
Microsoft Visual Studio Solution File, Format Version 12.00
# Visual Studio Version 17
VisualStudioVersion = 17.12.35527.113 d17.12
MinimumVisualStudioVersion = 10.0.40219.1
Project("{FAE04EC0-301F-11D3-BF4B-00C04F79EFBC}") = "ContactsManager.UI", "ContactsManager.UI\ContactsManager.UI.csproj", "{D6B5AD03-0E21-4D5A-89A8-A46AEEB2F67B}"
EndProject
Project("{2150E333-8FDC-42A3-9474-1A3956D46DE8}") = "src", "src", "{40F79AF7-23AE-43B0-A754-9B608118F43E}"
EndProject
Project("{2150E333-8FDC-42A3-9474-1A3956D46DE8}") = "tests", "tests", "{B70ADABE-6D50-4F2E-80EE-27CC830665D7}"
EndProject
Project("{FAE04EC0-301F-11D3-BF4B-00C04F79EFBC}") = "ContactManager.Core", "ContactManager.Core\ContactManager.Core.csproj", "{13E4F24A-B2C4-4BC3-8337-E631C3F56859}"
EndProject
Project("{FAE04EC0-301F-11D3-BF4B-00C04F79EFBC}") = "ContactManager.Infrastructure", "ContactManager.Infrastructure\ContactManager.Infrastructure.csproj", "{6BA1F6CE-6908-4715-ACC4-B0BF7A9A916E}"
EndProject
Project("{2150E333-8FDC-42A3-9474-1A3956D46DE8}") = "TestJson", "TestJson", "{449DE6D8-0323-4277-B525-B849FE844AAE}"
	ProjectSection(SolutionItems) = preProject
		..\CURDExample\CrudTest\TestJson\countries.json = ..\CURDExample\CrudTest\TestJson\countries.json
		..\CURDExample\CrudTest\TestJson\persons.json = ..\CURDExample\CrudTest\TestJson\persons.json
	EndProjectSection
EndProject
Project("{FAE04EC0-301F-11D3-BF4B-00C04F79EFBC}") = "ContactManager.Test", "ContactManager.Test\ContactManager.Test.csproj", "{732EA109-E1F7-4FE1-9892-4ABBD2A3D4A1}"
EndProject
Global
	GlobalSection(SolutionConfigurationPlatforms) = preSolution
		Debug|Any CPU = Debug|Any CPU
		Release|Any CPU = Release|Any CPU
	EndGlobalSection
	GlobalSection(ProjectConfigurationPlatforms) = postSolution
		{D6B5AD03-0E21-4D5A-89A8-A46AEEB2F67B}.Debug|Any CPU.ActiveCfg = Debug|Any CPU
		{D6B5AD03-0E21-4D5A-89A8-A46AEEB2F67B}.Debug|Any CPU.Build.0 = Debug|Any CPU
		{D6B5AD03-0E21-4D5A-89A8-A46AEEB2F67B}.Release|Any CPU.ActiveCfg = Release|Any CPU
		{D6B5AD03-0E21-4D5A-89A8-A46AEEB2F67B}.Release|Any CPU.Build.0 = Release|Any CPU
		{13E4F24A-B2C4-4BC3-8337-E631C3F56859}.Debug|Any CPU.ActiveCfg = Debug|Any CPU
		{13E4F24A-B2C4-4BC3-8337-E631C3F56859}.Debug|Any CPU.Build.0 = Debug|Any CPU
		{13E4F24A-B2C4-4BC3-8337-E631C3F56859}.Release|Any CPU.ActiveCfg = Release|Any CPU
		{13E4F24A-B2C4-4BC3-8337-E631C3F56859}.Release|Any CPU.Build.0 = Release|Any CPU
		{6BA1F6CE-6908-4715-ACC4-B0BF7A9A916E}.Debug|Any CPU.ActiveCfg = Debug|Any CPU
		{6BA1F6CE-6908-4715-ACC4-B0BF7A9A916E}.Debug|Any CPU.Build.0 = Debug|Any CPU
		{6BA1F6CE-6908-4715-ACC4-B0BF7A9A916E}.Release|Any CPU.ActiveCfg = Release|Any CPU
		{6BA1F6CE-6908-4715-ACC4-B0BF7A9A916E}.Release|Any CPU.Build.0 = Release|Any CPU
		{732EA109-E1F7-4FE1-9892-4ABBD2A3D4A1}.Debug|Any CPU.ActiveCfg = Debug|Any CPU
		{732EA109-E1F7-4FE1-9892-4ABBD2A3D4A1}.Debug|Any CPU.Build.0 = Debug|Any CPU
		{732EA109-E1F7-4FE1-9892-4ABBD2A3D4A1}.Release|Any CPU.ActiveCfg = Release|Any CPU
		{732EA109-E1F7-4FE1-9892-4ABBD2A3D4A1}.Release|Any CPU.Build.0 = Release|Any CPU
	EndGlobalSection
	GlobalSection(SolutionProperties) = preSolution
		HideSolutionNode = FALSE
	EndGlobalSection
	GlobalSection(NestedProjects) = preSolution
		{D6B5AD03-0E21-4D5A-89A8-A46AEEB2F67B} = {40F79AF7-23AE-43B0-A754-9B608118F43E}
		{13E4F24A-B2C4-4BC3-8337-E631C3F56859} = {40F79AF7-23AE-43B0-A754-9B608118F43E}
		{6BA1F6CE-6908-4715-ACC4-B0BF7A9A916E} = {40F79AF7-23AE-43B0-A754-9B608118F43E}
		{449DE6D8-0323-4277-B525-B849FE844AAE} = {B70ADABE-6D50-4F2E-80EE-27CC830665D7}
		{732EA109-E1F7-4FE1-9892-4ABBD2A3D4A1} = {B70ADABE-6D50-4F2E-80EE-27CC830665D7}
	EndGlobalSection
EndGlobal
